// !$*UTF8*$!
{
	archiveVersion = 1;
	classes = {
	};
	objectVersion = 44;
	objects = {

/* Begin PBXBuildFile section */
		D49AAA2510852E5400FE189B /* MainMenu.nib in Resources */ = {isa = PBXBuildFile; fileRef = 29B97318FDCFA39411CA2CEA /* MainMenu.nib */; };
		D49AAA2610852E5400FE189B /* InfoPlist.strings in Resources */ = {isa = PBXBuildFile; fileRef = 089C165CFE840E0CC02AAC07 /* InfoPlist.strings */; };
		D49AAA2710852E5400FE189B /* AddressBookScrubber.icns in Resources */ = {isa = PBXBuildFile; fileRef = F504EF650383330B01A80082 /* AddressBookScrubber.icns */; };
		D49AAA2810852E7400FE189B /* main.m in Sources */ = {isa = PBXBuildFile; fileRef = 29B97316FDCFA39411CA2CEA /* main.m */; };
		D49AAA2910852E7400FE189B /* ABSController.m in Sources */ = {isa = PBXBuildFile; fileRef = F5709FDD037A8D0F01A80082 /* ABSController.m */; };
		D49AAA2C10852E7400FE189B /* ThreadWorker.m in Sources */ = {isa = PBXBuildFile; fileRef = F5CE0F77037EF53E01A80082 /* ThreadWorker.m */; };
		D49AAA4410852E8900FE189B /* Cocoa.framework in Frameworks */ = {isa = PBXBuildFile; fileRef = 1058C7A1FEA54F0111CA2CBB /* Cocoa.framework */; };
		D49AAA4510852E8900FE189B /* AddressBook.framework in Frameworks */ = {isa = PBXBuildFile; fileRef = F570A353037A8D3001A80082 /* AddressBook.framework */; };
		D49AAA6210852F8F00FE189B /* StandardPlugins.bundle in CopyFiles */ = {isa = PBXBuildFile; fileRef = D49AAA5F10852F7800FE189B /* StandardPlugins.bundle */; };
		D49AAB191085391E00FE189B /* QuartzCore.framework in Frameworks */ = {isa = PBXBuildFile; fileRef = D49AAB181085391E00FE189B /* QuartzCore.framework */; };
/* End PBXBuildFile section */

/* Begin PBXContainerItemProxy section */
		D49AAA5E10852F7800FE189B /* PBXContainerItemProxy */ = {
			isa = PBXContainerItemProxy;
			containerPortal = D49AAA5A10852F7800FE189B /* StandardPlugins.xcodeproj */;
			proxyType = 2;
			remoteGlobalIDString = 8D5B49B6048680CD000E48DA;
			remoteInfo = StandardPlugins;
		};
		D49AAB8E1085921900FE189B /* PBXContainerItemProxy */ = {
			isa = PBXContainerItemProxy;
			containerPortal = D49AAA5A10852F7800FE189B /* StandardPlugins.xcodeproj */;
			proxyType = 1;
			remoteGlobalIDString = 8D5B49AC048680CD000E48DA;
			remoteInfo = StandardPlugins;
		};
/* End PBXContainerItemProxy section */

/* Begin PBXCopyFilesBuildPhase section */
		D49AAA4C10852EB400FE189B /* CopyFiles */ = {
			isa = PBXCopyFilesBuildPhase;
			buildActionMask = 2147483647;
			dstPath = "";
			dstSubfolderSpec = 13;
			files = (
				D49AAA6210852F8F00FE189B /* StandardPlugins.bundle in CopyFiles */,
			);
			runOnlyForDeploymentPostprocessing = 0;
		};
/* End PBXCopyFilesBuildPhase section */

/* Begin PBXFileReference section */
		089C165DFE840E0CC02AAC07 /* English */ = {isa = PBXFileReference; fileEncoding = 10; lastKnownFileType = text.plist.strings; name = English; path = English.lproj/InfoPlist.strings; sourceTree = "<group>"; };
		1058C7A1FEA54F0111CA2CBB /* Cocoa.framework */ = {isa = PBXFileReference; lastKnownFileType = wrapper.framework; name = Cocoa.framework; path = /System/Library/Frameworks/Cocoa.framework; sourceTree = "<absolute>"; };
		29B97316FDCFA39411CA2CEA /* main.m */ = {isa = PBXFileReference; fileEncoding = 30; lastKnownFileType = sourcecode.c.objc; path = main.m; sourceTree = "<group>"; };
		29B97319FDCFA39411CA2CEA /* English */ = {isa = PBXFileReference; lastKnownFileType = wrapper.nib; name = English; path = English.lproj/MainMenu.nib; sourceTree = "<group>"; };
		29B97324FDCFA39411CA2CEA /* AppKit.framework */ = {isa = PBXFileReference; lastKnownFileType = wrapper.framework; name = AppKit.framework; path = /System/Library/Frameworks/AppKit.framework; sourceTree = "<absolute>"; };
		29B97325FDCFA39411CA2CEA /* Foundation.framework */ = {isa = PBXFileReference; lastKnownFileType = wrapper.framework; name = Foundation.framework; path = /System/Library/Frameworks/Foundation.framework; sourceTree = "<absolute>"; };
		D42D5BF60CDC28B00003369B /* ABSPlugin.h */ = {isa = PBXFileReference; fileEncoding = 4; lastKnownFileType = sourcecode.c.h; path = ABSPlugin.h; sourceTree = "<group>"; };
		D49AAA2010852E3A00FE189B /* ABS-Info.plist */ = {isa = PBXFileReference; lastKnownFileType = text.plist.xml; path = "ABS-Info.plist"; sourceTree = "<group>"; };
		D49AAA5A10852F7800FE189B /* StandardPlugins.xcodeproj */ = {isa = PBXFileReference; lastKnownFileType = "wrapper.pb-project"; name = StandardPlugins.xcodeproj; path = Plugins/StandardPlugins/StandardPlugins.xcodeproj; sourceTree = "<group>"; };
		D49AAB181085391E00FE189B /* QuartzCore.framework */ = {isa = PBXFileReference; lastKnownFileType = wrapper.framework; name = QuartzCore.framework; path = System/Library/Frameworks/QuartzCore.framework; sourceTree = SDKROOT; };
		D4F3584610859AE400EF7B74 /* ABS.app */ = {isa = PBXFileReference; explicitFileType = wrapper.application; includeInIndex = 0; path = ABS.app; sourceTree = BUILT_PRODUCTS_DIR; };
		F504EF650383330B01A80082 /* AddressBookScrubber.icns */ = {isa = PBXFileReference; lastKnownFileType = image.icns; path = AddressBookScrubber.icns; sourceTree = "<group>"; };
		F5709FDC037A8D0F01A80082 /* ABSController.h */ = {isa = PBXFileReference; fileEncoding = 4; lastKnownFileType = sourcecode.c.h; path = ABSController.h; sourceTree = "<group>"; };
		F5709FDD037A8D0F01A80082 /* ABSController.m */ = {isa = PBXFileReference; fileEncoding = 4; lastKnownFileType = sourcecode.c.objc; path = ABSController.m; sourceTree = "<group>"; };
		F570A353037A8D3001A80082 /* AddressBook.framework */ = {isa = PBXFileReference; lastKnownFileType = wrapper.framework; name = AddressBook.framework; path = /System/Library/Frameworks/AddressBook.framework; sourceTree = "<absolute>"; };
		F59E01A9037C018501A80082 /* PhoneNumber.h */ = {isa = PBXFileReference; fileEncoding = 4; lastKnownFileType = sourcecode.c.h; path = PhoneNumber.h; sourceTree = "<group>"; };
		F59E01AA037C018501A80082 /* PhoneNumber.m */ = {isa = PBXFileReference; fileEncoding = 4; lastKnownFileType = sourcecode.c.objc; path = PhoneNumber.m; sourceTree = "<group>"; };
		F5CE0F76037EF53E01A80082 /* ThreadWorker.h */ = {isa = PBXFileReference; fileEncoding = 4; lastKnownFileType = sourcecode.c.h; path = ThreadWorker.h; sourceTree = "<group>"; };
		F5CE0F77037EF53E01A80082 /* ThreadWorker.m */ = {isa = PBXFileReference; fileEncoding = 4; lastKnownFileType = sourcecode.c.objc; path = ThreadWorker.m; sourceTree = "<group>"; };
/* End PBXFileReference section */

/* Begin PBXFrameworksBuildPhase section */
		D49AAA1C10852E3A00FE189B /* Frameworks */ = {
			isa = PBXFrameworksBuildPhase;
			buildActionMask = 2147483647;
			files = (
				D49AAA4410852E8900FE189B /* Cocoa.framework in Frameworks */,
				D49AAA4510852E8900FE189B /* AddressBook.framework in Frameworks */,
				D49AAB191085391E00FE189B /* QuartzCore.framework in Frameworks */,
			);
			runOnlyForDeploymentPostprocessing = 0;
		};
/* End PBXFrameworksBuildPhase section */

/* Begin PBXGroup section */
		080E96DDFE201D6D7F000001 /* Classes */ = {
			isa = PBXGroup;
			children = (
				F5709FDC037A8D0F01A80082 /* ABSController.h */,
				F5709FDD037A8D0F01A80082 /* ABSController.m */,
				F59E01A9037C018501A80082 /* PhoneNumber.h */,
				F59E01AA037C018501A80082 /* PhoneNumber.m */,
				F5CE0F76037EF53E01A80082 /* ThreadWorker.h */,
				F5CE0F77037EF53E01A80082 /* ThreadWorker.m */,
				D42D5BF60CDC28B00003369B /* ABSPlugin.h */,
			);
			name = Classes;
			sourceTree = "<group>";
		};
		1058C7A0FEA54F0111CA2CBB /* Linked Frameworks */ = {
			isa = PBXGroup;
			children = (
				1058C7A1FEA54F0111CA2CBB /* Cocoa.framework */,
				D49AAB181085391E00FE189B /* QuartzCore.framework */,
			);
			name = "Linked Frameworks";
			sourceTree = "<group>";
		};
		1058C7A2FEA54F0111CA2CBB /* Other Frameworks */ = {
			isa = PBXGroup;
			children = (
				29B97325FDCFA39411CA2CEA /* Foundation.framework */,
				29B97324FDCFA39411CA2CEA /* AppKit.framework */,
				F570A353037A8D3001A80082 /* AddressBook.framework */,
			);
			name = "Other Frameworks";
			sourceTree = "<group>";
		};
		19C28FACFE9D520D11CA2CBB /* Products */ = {
			isa = PBXGroup;
			children = (
				D4F3584610859AE400EF7B74 /* ABS.app */,
			);
			name = Products;
			sourceTree = "<group>";
		};
		29B97314FDCFA39411CA2CEA /* Address Book Scrubber */ = {
			isa = PBXGroup;
			children = (
				080E96DDFE201D6D7F000001 /* Classes */,
				29B97315FDCFA39411CA2CEA /* Other Sources */,
				29B97317FDCFA39411CA2CEA /* Resources */,
				29B97323FDCFA39411CA2CEA /* Frameworks */,
				19C28FACFE9D520D11CA2CBB /* Products */,
				D49AAA2010852E3A00FE189B /* ABS-Info.plist */,
			);
			name = "Address Book Scrubber";
			sourceTree = "<group>";
		};
		29B97315FDCFA39411CA2CEA /* Other Sources */ = {
			isa = PBXGroup;
			children = (
				29B97316FDCFA39411CA2CEA /* main.m */,
			);
			name = "Other Sources";
			sourceTree = "<group>";
		};
		29B97317FDCFA39411CA2CEA /* Resources */ = {
			isa = PBXGroup;
			children = (
				D49AAA5A10852F7800FE189B /* StandardPlugins.xcodeproj */,
				29B97318FDCFA39411CA2CEA /* MainMenu.nib */,
				089C165CFE840E0CC02AAC07 /* InfoPlist.strings */,
				F504EF650383330B01A80082 /* AddressBookScrubber.icns */,
			);
			name = Resources;
			sourceTree = "<group>";
		};
		29B97323FDCFA39411CA2CEA /* Frameworks */ = {
			isa = PBXGroup;
			children = (
				1058C7A0FEA54F0111CA2CBB /* Linked Frameworks */,
				1058C7A2FEA54F0111CA2CBB /* Other Frameworks */,
			);
			name = Frameworks;
			sourceTree = "<group>";
		};
		D49AAA5B10852F7800FE189B /* Products */ = {
			isa = PBXGroup;
			children = (
				D49AAA5F10852F7800FE189B /* StandardPlugins.bundle */,
			);
			name = Products;
			sourceTree = "<group>";
		};
/* End PBXGroup section */

/* Begin PBXNativeTarget section */
		D49AAA1D10852E3A00FE189B /* AddressBookScrubber */ = {
			isa = PBXNativeTarget;
			buildConfigurationList = D49AAA2410852E3B00FE189B /* Build configuration list for PBXNativeTarget "AddressBookScrubber" */;
			buildPhases = (
				D49AAA1A10852E3A00FE189B /* Resources */,
				D49AAA1B10852E3A00FE189B /* Sources */,
				D49AAA1C10852E3A00FE189B /* Frameworks */,
				D49AAA4C10852EB400FE189B /* CopyFiles */,
			);
			buildRules = (
			);
			dependencies = (
				D49AAB8F1085921900FE189B /* PBXTargetDependency */,
			);
			name = AddressBookScrubber;
			productName = ABS;
			productReference = D4F3584610859AE400EF7B74 /* ABS.app */;
			productType = "com.apple.product-type.application";
		};
/* End PBXNativeTarget section */

/* Begin PBXProject section */
		29B97313FDCFA39411CA2CEA /* Project object */ = {
			isa = PBXProject;
			attributes = {
				BuildIndependentTargetsInParallel = YES;
			};
			buildConfigurationList = D42D5A030CD6D5B50003369B /* Build configuration list for PBXProject "Address Book Scrubber" */;
			compatibilityVersion = "Xcode 3.0";
			hasScannedForEncodings = 1;
			mainGroup = 29B97314FDCFA39411CA2CEA /* Address Book Scrubber */;
			projectDirPath = "";
			projectReferences = (
				{
					ProductGroup = D49AAA5B10852F7800FE189B /* Products */;
					ProjectRef = D49AAA5A10852F7800FE189B /* StandardPlugins.xcodeproj */;
				},
			);
			projectRoot = "";
			targets = (
				D49AAA1D10852E3A00FE189B /* AddressBookScrubber */,
			);
		};
/* End PBXProject section */

/* Begin PBXReferenceProxy section */
		D49AAA5F10852F7800FE189B /* StandardPlugins.bundle */ = {
			isa = PBXReferenceProxy;
			fileType = wrapper.cfbundle;
			path = StandardPlugins.bundle;
			remoteRef = D49AAA5E10852F7800FE189B /* PBXContainerItemProxy */;
			sourceTree = BUILT_PRODUCTS_DIR;
		};
/* End PBXReferenceProxy section */

/* Begin PBXResourcesBuildPhase section */
		D49AAA1A10852E3A00FE189B /* Resources */ = {
			isa = PBXResourcesBuildPhase;
			buildActionMask = 2147483647;
			files = (
				D49AAA2510852E5400FE189B /* MainMenu.nib in Resources */,
				D49AAA2610852E5400FE189B /* InfoPlist.strings in Resources */,
				D49AAA2710852E5400FE189B /* AddressBookScrubber.icns in Resources */,
			);
			runOnlyForDeploymentPostprocessing = 0;
		};
/* End PBXResourcesBuildPhase section */

/* Begin PBXSourcesBuildPhase section */
		D49AAA1B10852E3A00FE189B /* Sources */ = {
			isa = PBXSourcesBuildPhase;
			buildActionMask = 2147483647;
			files = (
				D49AAA2810852E7400FE189B /* main.m in Sources */,
				D49AAA2910852E7400FE189B /* ABSController.m in Sources */,
				D49AAA2C10852E7400FE189B /* ThreadWorker.m in Sources */,
			);
			runOnlyForDeploymentPostprocessing = 0;
		};
/* End PBXSourcesBuildPhase section */

/* Begin PBXTargetDependency section */
		D49AAB8F1085921900FE189B /* PBXTargetDependency */ = {
			isa = PBXTargetDependency;
			name = StandardPlugins;
			targetProxy = D49AAB8E1085921900FE189B /* PBXContainerItemProxy */;
		};
/* End PBXTargetDependency section */

/* Begin PBXVariantGroup section */
		089C165CFE840E0CC02AAC07 /* InfoPlist.strings */ = {
			isa = PBXVariantGroup;
			children = (
				089C165DFE840E0CC02AAC07 /* English */,
			);
			name = InfoPlist.strings;
			sourceTree = "<group>";
		};
		29B97318FDCFA39411CA2CEA /* MainMenu.nib */ = {
			isa = PBXVariantGroup;
			children = (
				29B97319FDCFA39411CA2CEA /* English */,
			);
			name = MainMenu.nib;
			sourceTree = "<group>";
		};
/* End PBXVariantGroup section */

/* Begin XCBuildConfiguration section */
		D42D59FD0CD6D5B40003369B /* Development */ = {
			isa = XCBuildConfiguration;
			buildSettings = {
				SDKROOT = "$(DEVELOPER_SDK_DIR)/MacOSX10.4u.sdk";
			};
			name = Development;
		};
		D42D59FE0CD6D5B40003369B /* Deployment */ = {
			isa = XCBuildConfiguration;
			buildSettings = {
				SDKROOT = "$(DEVELOPER_SDK_DIR)/MacOSX10.4u.sdk";
			};
			name = Deployment;
		};
		D42D59FF0CD6D5B40003369B /* Default */ = {
			isa = XCBuildConfiguration;
			buildSettings = {
				SDKROOT = "$(DEVELOPER_SDK_DIR)/MacOSX10.4u.sdk";
			};
			name = Default;
		};
		D49AAA2110852E3B00FE189B /* Development */ = {
			isa = XCBuildConfiguration;
			buildSettings = {
				ALWAYS_SEARCH_USER_PATHS = NO;
				COPY_PHASE_STRIP = NO;
				GCC_DYNAMIC_NO_PIC = NO;
				GCC_ENABLE_FIX_AND_CONTINUE = YES;
				GCC_MODEL_TUNING = G5;
				GCC_OPTIMIZATION_LEVEL = 0;
				GCC_PRECOMPILE_PREFIX_HEADER = YES;
				GCC_PREFIX_HEADER = "$(SYSTEM_LIBRARY_DIR)/Frameworks/AppKit.framework/Headers/AppKit.h";
				GCC_VERSION = com.apple.compilers.llvm.clang.1_0;
				INFOPLIST_FILE = "ABS-Info.plist";
				INSTALL_PATH = "$(HOME)/Applications";
				OTHER_LDFLAGS = (
					"-framework",
					Foundation,
					"-framework",
					AppKit,
				);
				PREBINDING = NO;
				PRODUCT_NAME = ABS;
			};
			name = Development;
		};
		D49AAA2210852E3B00FE189B /* Deployment */ = {
			isa = XCBuildConfiguration;
			buildSettings = {
				ALWAYS_SEARCH_USER_PATHS = NO;
				COPY_PHASE_STRIP = YES;
				DEBUG_INFORMATION_FORMAT = "dwarf-with-dsym";
				GCC_ENABLE_FIX_AND_CONTINUE = NO;
				GCC_MODEL_TUNING = G5;
				GCC_PRECOMPILE_PREFIX_HEADER = YES;
				GCC_PREFIX_HEADER = "$(SYSTEM_LIBRARY_DIR)/Frameworks/AppKit.framework/Headers/AppKit.h";
				INFOPLIST_FILE = "ABS-Info.plist";
				INSTALL_PATH = "$(HOME)/Applications";
				OTHER_LDFLAGS = (
					"-framework",
					Foundation,
					"-framework",
					AppKit,
				);
				PREBINDING = NO;
				PRODUCT_NAME = ABS;
				ZERO_LINK = NO;
			};
			name = Deployment;
		};
		D49AAA2310852E3B00FE189B /* Default */ = {
			isa = XCBuildConfiguration;
			buildSettings = {
				ALWAYS_SEARCH_USER_PATHS = NO;
				GCC_ENABLE_FIX_AND_CONTINUE = YES;
				GCC_MODEL_TUNING = G5;
				GCC_PRECOMPILE_PREFIX_HEADER = YES;
				GCC_PREFIX_HEADER = "$(SYSTEM_LIBRARY_DIR)/Frameworks/AppKit.framework/Headers/AppKit.h";
				INFOPLIST_FILE = "ABS-Info.plist";
				INSTALL_PATH = "$(HOME)/Applications";
				OTHER_LDFLAGS = (
					"-framework",
					Foundation,
					"-framework",
					AppKit,
				);
				PREBINDING = NO;
				PRODUCT_NAME = ABS;
			};
			name = Default;
		};
/* End XCBuildConfiguration section */

/* Begin XCConfigurationList section */
		D42D5A030CD6D5B50003369B /* Build configuration list for PBXProject "Address Book Scrubber" */ = {
			isa = XCConfigurationList;
			buildConfigurations = (
				D42D59FD0CD6D5B40003369B /* Development */,
				D42D59FE0CD6D5B40003369B /* Deployment */,
				D42D59FF0CD6D5B40003369B /* Default */,
			);
			defaultConfigurationIsVisible = 0;
			defaultConfigurationName = Default;
		};
		D49AAA2410852E3B00FE189B /* Build configuration list for PBXNativeTarget "AddressBookScrubber" */ = {
			isa = XCConfigurationList;
			buildConfigurations = (
				D49AAA2110852E3B00FE189B /* Development */,
				D49AAA2210852E3B00FE189B /* Deployment */,
				D49AAA2310852E3B00FE189B /* Default */,
			);
			defaultConfigurationIsVisible = 0;
			defaultConfigurationName = Default;
		};
/* End XCConfigurationList section */
	};
	rootObject = 29B97313FDCFA39411CA2CEA /* Project object */;
}
